PODS:
  - boost (1.76.0)
  - DoubleConversion (1.1.6)
  - FBLazyVector (0.68.1)
  - FBReactNativeSpec (0.68.1):
    - RCT-Folly (= 2021.06.28.00-v2)
    - RCTRequired (= 0.68.1)
    - RCTTypeSafety (= 0.68.1)
    - React-Core (= 0.68.1)
    - React-jsi (= 0.68.1)
    - ReactCommon/turbomodule/core (= 0.68.1)
  - Firebase/Auth (9.5.0):
    - Firebase/CoreOnly
    - FirebaseAuth (~> 9.5.0)
  - Firebase/CoreOnly (9.5.0):
    - FirebaseCore (= 9.5.0)
  - Firebase/Messaging (9.5.0):
    - Firebase/CoreOnly
    - FirebaseMessaging (~> 9.5.0)
  - FirebaseAuth (9.5.0):
    - FirebaseCore (~> 9.0)
    - GoogleUtilities/AppDelegateSwizzler (~> 7.7)
    - GoogleUtilities/Environment (~> 7.7)
    - GTMSessionFetcher/Core (< 3.0, >= 1.7)
  - FirebaseCore (9.5.0):
    - FirebaseCoreDiagnostics (~> 9.0)
    - FirebaseCoreInternal (~> 9.0)
    - GoogleUtilities/Environment (~> 7.7)
    - GoogleUtilities/Logger (~> 7.7)
  - FirebaseCoreDiagnostics (9.6.0):
    - GoogleDataTransport (< 10.0.0, >= 9.1.4)
    - GoogleUtilities/Environment (~> 7.7)
    - GoogleUtilities/Logger (~> 7.7)
    - nanopb (< 2.30910.0, >= 2.30908.0)
  - FirebaseCoreExtension (9.5.0):
    - FirebaseCore (~> 9.0)
  - FirebaseCoreInternal (9.6.0):
    - "GoogleUtilities/NSData+zlib (~> 7.7)"
  - FirebaseInstallations (9.6.0):
    - FirebaseCore (~> 9.0)
    - GoogleUtilities/Environment (~> 7.7)
    - GoogleUtilities/UserDefaults (~> 7.7)
    - PromisesObjC (~> 2.1)
  - FirebaseMessaging (9.5.0):
    - FirebaseCore (~> 9.0)
    - FirebaseInstallations (~> 9.0)
    - GoogleDataTransport (< 10.0.0, >= 9.1.4)
    - GoogleUtilities/AppDelegateSwizzler (~> 7.7)
    - GoogleUtilities/Environment (~> 7.7)
    - GoogleUtilities/Reachability (~> 7.7)
    - GoogleUtilities/UserDefaults (~> 7.7)
    - nanopb (< 2.30910.0, >= 2.30908.0)
  - fmt (6.2.1)
  - glog (0.3.5)
  - GoogleDataTransport (9.2.0):
    - GoogleUtilities/Environment (~> 7.7)
    - nanopb (< 2.30910.0, >= 2.30908.0)
    - PromisesObjC (< 3.0, >= 1.2)
  - GoogleUtilities/AppDelegateSwizzler (7.8.0):
    - GoogleUtilities/Environment
    - GoogleUtilities/Logger
    - GoogleUtilities/Network
  - GoogleUtilities/Environment (7.8.0):
    - PromisesObjC (< 3.0, >= 1.2)
  - GoogleUtilities/Logger (7.8.0):
    - GoogleUtilities/Environment
  - GoogleUtilities/Network (7.8.0):
    - GoogleUtilities/Logger
    - "GoogleUtilities/NSData+zlib"
    - GoogleUtilities/Reachability
  - "GoogleUtilities/NSData+zlib (7.8.0)"
  - GoogleUtilities/Reachability (7.8.0):
    - GoogleUtilities/Logger
  - GoogleUtilities/UserDefaults (7.8.0):
    - GoogleUtilities/Logger
  - GTMSessionFetcher/Core (2.1.0)
  - nanopb (2.30909.0):
    - nanopb/decode (= 2.30909.0)
    - nanopb/encode (= 2.30909.0)
  - nanopb/decode (2.30909.0)
  - nanopb/encode (2.30909.0)
  - PromisesObjC (2.1.1)
  - RCT-Folly (2021.06.28.00-v2):
    - boost
    - DoubleConversion
    - fmt (~> 6.2.1)
    - glog
    - RCT-Folly/Default (= 2021.06.28.00-v2)
  - RCT-Folly/Default (2021.06.28.00-v2):
    - boost
    - DoubleConversion
    - fmt (~> 6.2.1)
    - glog
  - RCTRequired (0.68.1)
  - RCTTypeSafety (0.68.1):
    - FBLazyVector (= 0.68.1)
    - RCT-Folly (= 2021.06.28.00-v2)
    - RCTRequired (= 0.68.1)
    - React-Core (= 0.68.1)
  - React (0.68.1):
    - React-Core (= 0.68.1)
    - React-Core/DevSupport (= 0.68.1)
    - React-Core/RCTWebSocket (= 0.68.1)
    - React-RCTActionSheet (= 0.68.1)
    - React-RCTAnimation (= 0.68.1)
    - React-RCTBlob (= 0.68.1)
    - React-RCTImage (= 0.68.1)
    - React-RCTLinking (= 0.68.1)
    - React-RCTNetwork (= 0.68.1)
    - React-RCTSettings (= 0.68.1)
    - React-RCTText (= 0.68.1)
    - React-RCTVibration (= 0.68.1)
  - React-callinvoker (0.68.1)
  - React-Codegen (0.68.1):
    - FBReactNativeSpec (= 0.68.1)
    - RCT-Folly (= 2021.06.28.00-v2)
    - RCTRequired (= 0.68.1)
    - RCTTypeSafety (= 0.68.1)
    - React-Core (= 0.68.1)
    - React-jsi (= 0.68.1)
    - React-jsiexecutor (= 0.68.1)
    - ReactCommon/turbomodule/core (= 0.68.1)
  - React-Core (0.68.1):
    - glog
    - RCT-Folly (= 2021.06.28.00-v2)
    - React-Core/Default (= 0.68.1)
    - React-cxxreact (= 0.68.1)
    - React-jsi (= 0.68.1)
    - React-jsiexecutor (= 0.68.1)
    - React-perflogger (= 0.68.1)
    - Yoga
  - React-Core/CoreModulesHeaders (0.68.1):
    - glog
    - RCT-Folly (= 2021.06.28.00-v2)
    - React-Core/Default
    - React-cxxreact (= 0.68.1)
    - React-jsi (= 0.68.1)
    - React-jsiexecutor (= 0.68.1)
    - React-perflogger (= 0.68.1)
    - Yoga
  - React-Core/Default (0.68.1):
    - glog
    - RCT-Folly (= 2021.06.28.00-v2)
    - React-cxxreact (= 0.68.1)
    - React-jsi (= 0.68.1)
    - React-jsiexecutor (= 0.68.1)
    - React-perflogger (= 0.68.1)
    - Yoga
  - React-Core/DevSupport (0.68.1):
    - glog
    - RCT-Folly (= 2021.06.28.00-v2)
    - React-Core/Default (= 0.68.1)
    - React-Core/RCTWebSocket (= 0.68.1)
    - React-cxxreact (= 0.68.1)
    - React-jsi (= 0.68.1)
    - React-jsiexecutor (= 0.68.1)
    - React-jsinspector (= 0.68.1)
    - React-perflogger (= 0.68.1)
    - Yoga
  - React-Core/RCTActionSheetHeaders (0.68.1):
    - glog
    - RCT-Folly (= 2021.06.28.00-v2)
    - React-Core/Default
    - React-cxxreact (= 0.68.1)
    - React-jsi (= 0.68.1)
    - React-jsiexecutor (= 0.68.1)
    - React-perflogger (= 0.68.1)
    - Yoga
  - React-Core/RCTAnimationHeaders (0.68.1):
    - glog
    - RCT-Folly (= 2021.06.28.00-v2)
    - React-Core/Default
    - React-cxxreact (= 0.68.1)
    - React-jsi (= 0.68.1)
    - React-jsiexecutor (= 0.68.1)
    - React-perflogger (= 0.68.1)
    - Yoga
  - React-Core/RCTBlobHeaders (0.68.1):
    - glog
    - RCT-Folly (= 2021.06.28.00-v2)
    - React-Core/Default
    - React-cxxreact (= 0.68.1)
    - React-jsi (= 0.68.1)
    - React-jsiexecutor (= 0.68.1)
    - React-perflogger (= 0.68.1)
    - Yoga
  - React-Core/RCTImageHeaders (0.68.1):
    - glog
    - RCT-Folly (= 2021.06.28.00-v2)
    - React-Core/Default
    - React-cxxreact (= 0.68.1)
    - React-jsi (= 0.68.1)
    - React-jsiexecutor (= 0.68.1)
    - React-perflogger (= 0.68.1)
    - Yoga
  - React-Core/RCTLinkingHeaders (0.68.1):
    - glog
    - RCT-Folly (= 2021.06.28.00-v2)
    - React-Core/Default
    - React-cxxreact (= 0.68.1)
    - React-jsi (= 0.68.1)
    - React-jsiexecutor (= 0.68.1)
    - React-perflogger (= 0.68.1)
    - Yoga
  - React-Core/RCTNetworkHeaders (0.68.1):
    - glog
    - RCT-Folly (= 2021.06.28.00-v2)
    - React-Core/Default
    - React-cxxreact (= 0.68.1)
    - React-jsi (= 0.68.1)
    - React-jsiexecutor (= 0.68.1)
    - React-perflogger (= 0.68.1)
    - Yoga
  - React-Core/RCTSettingsHeaders (0.68.1):
    - glog
    - RCT-Folly (= 2021.06.28.00-v2)
    - React-Core/Default
    - React-cxxreact (= 0.68.1)
    - React-jsi (= 0.68.1)
    - React-jsiexecutor (= 0.68.1)
    - React-perflogger (= 0.68.1)
    - Yoga
  - React-Core/RCTTextHeaders (0.68.1):
    - glog
    - RCT-Folly (= 2021.06.28.00-v2)
    - React-Core/Default
    - React-cxxreact (= 0.68.1)
    - React-jsi (= 0.68.1)
    - React-jsiexecutor (= 0.68.1)
    - React-perflogger (= 0.68.1)
    - Yoga
  - React-Core/RCTVibrationHeaders (0.68.1):
    - glog
    - RCT-Folly (= 2021.06.28.00-v2)
    - React-Core/Default
    - React-cxxreact (= 0.68.1)
    - React-jsi (= 0.68.1)
    - React-jsiexecutor (= 0.68.1)
    - React-perflogger (= 0.68.1)
    - Yoga
  - React-Core/RCTWebSocket (0.68.1):
    - glog
    - RCT-Folly (= 2021.06.28.00-v2)
    - React-Core/Default (= 0.68.1)
    - React-cxxreact (= 0.68.1)
    - React-jsi (= 0.68.1)
    - React-jsiexecutor (= 0.68.1)
    - React-perflogger (= 0.68.1)
    - Yoga
  - React-CoreModules (0.68.1):
    - RCT-Folly (= 2021.06.28.00-v2)
    - RCTTypeSafety (= 0.68.1)
    - React-Codegen (= 0.68.1)
    - React-Core/CoreModulesHeaders (= 0.68.1)
    - React-jsi (= 0.68.1)
    - React-RCTImage (= 0.68.1)
    - ReactCommon/turbomodule/core (= 0.68.1)
  - React-cxxreact (0.68.1):
    - boost (= 1.76.0)
    - DoubleConversion
    - glog
    - RCT-Folly (= 2021.06.28.00-v2)
    - React-callinvoker (= 0.68.1)
    - React-jsi (= 0.68.1)
    - React-jsinspector (= 0.68.1)
    - React-logger (= 0.68.1)
    - React-perflogger (= 0.68.1)
    - React-runtimeexecutor (= 0.68.1)
  - React-jsi (0.68.1):
    - boost (= 1.76.0)
    - DoubleConversion
    - glog
    - RCT-Folly (= 2021.06.28.00-v2)
    - React-jsi/Default (= 0.68.1)
  - React-jsi/Default (0.68.1):
    - boost (= 1.76.0)
    - DoubleConversion
    - glog
    - RCT-Folly (= 2021.06.28.00-v2)
  - React-jsiexecutor (0.68.1):
    - DoubleConversion
    - glog
    - RCT-Folly (= 2021.06.28.00-v2)
    - React-cxxreact (= 0.68.1)
    - React-jsi (= 0.68.1)
    - React-perflogger (= 0.68.1)
  - React-jsinspector (0.68.1)
  - React-logger (0.68.1):
    - glog
  - react-native-blur (4.2.0):
    - React-Core
  - react-native-safe-area-context (4.2.4):
    - RCT-Folly
    - RCTRequired
    - RCTTypeSafety
    - React
    - ReactCommon/turbomodule/core
  - react-native-splash-screen (3.3.0):
    - React-Core
  - React-perflogger (0.68.1)
  - React-RCTActionSheet (0.68.1):
    - React-Core/RCTActionSheetHeaders (= 0.68.1)
  - React-RCTAnimation (0.68.1):
    - RCT-Folly (= 2021.06.28.00-v2)
    - RCTTypeSafety (= 0.68.1)
    - React-Codegen (= 0.68.1)
    - React-Core/RCTAnimationHeaders (= 0.68.1)
    - React-jsi (= 0.68.1)
    - ReactCommon/turbomodule/core (= 0.68.1)
  - React-RCTBlob (0.68.1):
    - RCT-Folly (= 2021.06.28.00-v2)
    - React-Codegen (= 0.68.1)
    - React-Core/RCTBlobHeaders (= 0.68.1)
    - React-Core/RCTWebSocket (= 0.68.1)
    - React-jsi (= 0.68.1)
    - React-RCTNetwork (= 0.68.1)
    - ReactCommon/turbomodule/core (= 0.68.1)
  - React-RCTImage (0.68.1):
    - RCT-Folly (= 2021.06.28.00-v2)
    - RCTTypeSafety (= 0.68.1)
    - React-Codegen (= 0.68.1)
    - React-Core/RCTImageHeaders (= 0.68.1)
    - React-jsi (= 0.68.1)
    - React-RCTNetwork (= 0.68.1)
    - ReactCommon/turbomodule/core (= 0.68.1)
  - React-RCTLinking (0.68.1):
    - React-Codegen (= 0.68.1)
    - React-Core/RCTLinkingHeaders (= 0.68.1)
    - React-jsi (= 0.68.1)
    - ReactCommon/turbomodule/core (= 0.68.1)
  - React-RCTNetwork (0.68.1):
    - RCT-Folly (= 2021.06.28.00-v2)
    - RCTTypeSafety (= 0.68.1)
    - React-Codegen (= 0.68.1)
    - React-Core/RCTNetworkHeaders (= 0.68.1)
    - React-jsi (= 0.68.1)
    - ReactCommon/turbomodule/core (= 0.68.1)
  - React-RCTSettings (0.68.1):
    - RCT-Folly (= 2021.06.28.00-v2)
    - RCTTypeSafety (= 0.68.1)
    - React-Codegen (= 0.68.1)
    - React-Core/RCTSettingsHeaders (= 0.68.1)
    - React-jsi (= 0.68.1)
    - ReactCommon/turbomodule/core (= 0.68.1)
  - React-RCTText (0.68.1):
    - React-Core/RCTTextHeaders (= 0.68.1)
  - React-RCTVibration (0.68.1):
    - RCT-Folly (= 2021.06.28.00-v2)
    - React-Codegen (= 0.68.1)
    - React-Core/RCTVibrationHeaders (= 0.68.1)
    - React-jsi (= 0.68.1)
    - ReactCommon/turbomodule/core (= 0.68.1)
  - React-runtimeexecutor (0.68.1):
    - React-jsi (= 0.68.1)
  - ReactCommon/turbomodule/core (0.68.1):
    - DoubleConversion
    - glog
    - RCT-Folly (= 2021.06.28.00-v2)
    - React-callinvoker (= 0.68.1)
    - React-Core (= 0.68.1)
    - React-cxxreact (= 0.68.1)
    - React-jsi (= 0.68.1)
    - React-logger (= 0.68.1)
    - React-perflogger (= 0.68.1)
  - RNCAsyncStorage (1.17.6):
    - React-Core
  - RNFBApp (15.4.0):
    - Firebase/CoreOnly (= 9.5.0)
    - React-Core
  - RNFBAuth (15.4.0):
    - Firebase/Auth (= 9.5.0)
    - React-Core
    - RNFBApp
  - RNFBMessaging (15.4.0):
    - Firebase/Messaging (= 9.5.0)
    - FirebaseCoreExtension (= 9.5.0)
    - React-Core
    - RNFBApp
  - RNGestureHandler (2.7.0):
    - React-Core
  - RNInAppBrowser (3.7.0):
    - React-Core
  - RNReactNativeHapticFeedback (1.14.0):
    - React-Core
  - RNScreens (3.13.1):
    - React-Core
    - React-RCTImage
  - RNSentry (4.4.0):
    - React-Core
    - Sentry (= 7.25.1)
  - RNSVG (12.3.0):
    - React-Core
  - Sentry (7.25.1):
    - Sentry/Core (= 7.25.1)
  - Sentry/Core (7.25.1)
  - Yoga (1.14.0)

DEPENDENCIES:
  - boost (from `../node_modules/react-native/third-party-podspecs/boost.podspec`)
  - DoubleConversion (from `../node_modules/react-native/third-party-podspecs/DoubleConversion.podspec`)
  - FBLazyVector (from `../node_modules/react-native/Libraries/FBLazyVector`)
  - FBReactNativeSpec (from `../node_modules/react-native/React/FBReactNativeSpec`)
  - glog (from `../node_modules/react-native/third-party-podspecs/glog.podspec`)
  - RCT-Folly (from `../node_modules/react-native/third-party-podspecs/RCT-Folly.podspec`)
  - RCTRequired (from `../node_modules/react-native/Libraries/RCTRequired`)
  - RCTTypeSafety (from `../node_modules/react-native/Libraries/TypeSafety`)
  - React (from `../node_modules/react-native/`)
  - React-callinvoker (from `../node_modules/react-native/ReactCommon/callinvoker`)
  - React-Codegen (from `build/generated/ios`)
  - React-Core (from `../node_modules/react-native/`)
  - React-Core/DevSupport (from `../node_modules/react-native/`)
  - React-Core/RCTWebSocket (from `../node_modules/react-native/`)
  - React-CoreModules (from `../node_modules/react-native/React/CoreModules`)
  - React-cxxreact (from `../node_modules/react-native/ReactCommon/cxxreact`)
  - React-jsi (from `../node_modules/react-native/ReactCommon/jsi`)
  - React-jsiexecutor (from `../node_modules/react-native/ReactCommon/jsiexecutor`)
  - React-jsinspector (from `../node_modules/react-native/ReactCommon/jsinspector`)
  - React-logger (from `../node_modules/react-native/ReactCommon/logger`)
  - "react-native-blur (from `../node_modules/@react-native-community/blur`)"
  - react-native-safe-area-context (from `../node_modules/react-native-safe-area-context`)
  - react-native-splash-screen (from `../node_modules/react-native-splash-screen`)
  - React-perflogger (from `../node_modules/react-native/ReactCommon/reactperflogger`)
  - React-RCTActionSheet (from `../node_modules/react-native/Libraries/ActionSheetIOS`)
  - React-RCTAnimation (from `../node_modules/react-native/Libraries/NativeAnimation`)
  - React-RCTBlob (from `../node_modules/react-native/Libraries/Blob`)
  - React-RCTImage (from `../node_modules/react-native/Libraries/Image`)
  - React-RCTLinking (from `../node_modules/react-native/Libraries/LinkingIOS`)
  - React-RCTNetwork (from `../node_modules/react-native/Libraries/Network`)
  - React-RCTSettings (from `../node_modules/react-native/Libraries/Settings`)
  - React-RCTText (from `../node_modules/react-native/Libraries/Text`)
  - React-RCTVibration (from `../node_modules/react-native/Libraries/Vibration`)
  - React-runtimeexecutor (from `../node_modules/react-native/ReactCommon/runtimeexecutor`)
  - ReactCommon/turbomodule/core (from `../node_modules/react-native/ReactCommon`)
  - "RNCAsyncStorage (from `../node_modules/@react-native-async-storage/async-storage`)"
  - "RNFBApp (from `../node_modules/@react-native-firebase/app`)"
  - "RNFBAuth (from `../node_modules/@react-native-firebase/auth`)"
  - "RNFBMessaging (from `../node_modules/@react-native-firebase/messaging`)"
  - RNGestureHandler (from `../node_modules/react-native-gesture-handler`)
  - RNInAppBrowser (from `../node_modules/react-native-inappbrowser-reborn`)
  - RNReactNativeHapticFeedback (from `../node_modules/react-native-haptic-feedback`)
  - RNScreens (from `../node_modules/react-native-screens`)
  - "RNSentry (from `../node_modules/@sentry/react-native`)"
  - RNSVG (from `../node_modules/react-native-svg`)
  - Yoga (from `../node_modules/react-native/ReactCommon/yoga`)

SPEC REPOS:
  trunk:
    - Firebase
    - FirebaseAuth
    - FirebaseCore
    - FirebaseCoreDiagnostics
    - FirebaseCoreExtension
    - FirebaseCoreInternal
    - FirebaseInstallations
    - FirebaseMessaging
    - fmt
    - GoogleDataTransport
    - GoogleUtilities
    - GTMSessionFetcher
    - nanopb
    - PromisesObjC
    - Sentry

EXTERNAL SOURCES:
  boost:
    :podspec: "../node_modules/react-native/third-party-podspecs/boost.podspec"
  DoubleConversion:
    :podspec: "../node_modules/react-native/third-party-podspecs/DoubleConversion.podspec"
  FBLazyVector:
    :path: "../node_modules/react-native/Libraries/FBLazyVector"
  FBReactNativeSpec:
    :path: "../node_modules/react-native/React/FBReactNativeSpec"
  glog:
    :podspec: "../node_modules/react-native/third-party-podspecs/glog.podspec"
  RCT-Folly:
    :podspec: "../node_modules/react-native/third-party-podspecs/RCT-Folly.podspec"
  RCTRequired:
    :path: "../node_modules/react-native/Libraries/RCTRequired"
  RCTTypeSafety:
    :path: "../node_modules/react-native/Libraries/TypeSafety"
  React:
    :path: "../node_modules/react-native/"
  React-callinvoker:
    :path: "../node_modules/react-native/ReactCommon/callinvoker"
  React-Codegen:
    :path: build/generated/ios
  React-Core:
    :path: "../node_modules/react-native/"
  React-CoreModules:
    :path: "../node_modules/react-native/React/CoreModules"
  React-cxxreact:
    :path: "../node_modules/react-native/ReactCommon/cxxreact"
  React-jsi:
    :path: "../node_modules/react-native/ReactCommon/jsi"
  React-jsiexecutor:
    :path: "../node_modules/react-native/ReactCommon/jsiexecutor"
  React-jsinspector:
    :path: "../node_modules/react-native/ReactCommon/jsinspector"
  React-logger:
    :path: "../node_modules/react-native/ReactCommon/logger"
  react-native-blur:
    :path: "../node_modules/@react-native-community/blur"
  react-native-safe-area-context:
    :path: "../node_modules/react-native-safe-area-context"
  react-native-splash-screen:
    :path: "../node_modules/react-native-splash-screen"
  React-perflogger:
    :path: "../node_modules/react-native/ReactCommon/reactperflogger"
  React-RCTActionSheet:
    :path: "../node_modules/react-native/Libraries/ActionSheetIOS"
  React-RCTAnimation:
    :path: "../node_modules/react-native/Libraries/NativeAnimation"
  React-RCTBlob:
    :path: "../node_modules/react-native/Libraries/Blob"
  React-RCTImage:
    :path: "../node_modules/react-native/Libraries/Image"
  React-RCTLinking:
    :path: "../node_modules/react-native/Libraries/LinkingIOS"
  React-RCTNetwork:
    :path: "../node_modules/react-native/Libraries/Network"
  React-RCTSettings:
    :path: "../node_modules/react-native/Libraries/Settings"
  React-RCTText:
    :path: "../node_modules/react-native/Libraries/Text"
  React-RCTVibration:
    :path: "../node_modules/react-native/Libraries/Vibration"
  React-runtimeexecutor:
    :path: "../node_modules/react-native/ReactCommon/runtimeexecutor"
  ReactCommon:
    :path: "../node_modules/react-native/ReactCommon"
  RNCAsyncStorage:
    :path: "../node_modules/@react-native-async-storage/async-storage"
  RNFBApp:
    :path: "../node_modules/@react-native-firebase/app"
  RNFBAuth:
    :path: "../node_modules/@react-native-firebase/auth"
  RNFBMessaging:
    :path: "../node_modules/@react-native-firebase/messaging"
  RNGestureHandler:
    :path: "../node_modules/react-native-gesture-handler"
  RNInAppBrowser:
    :path: "../node_modules/react-native-inappbrowser-reborn"
  RNReactNativeHapticFeedback:
    :path: "../node_modules/react-native-haptic-feedback"
  RNScreens:
    :path: "../node_modules/react-native-screens"
  RNSentry:
    :path: "../node_modules/@sentry/react-native"
  RNSVG:
    :path: "../node_modules/react-native-svg"
  Yoga:
    :path: "../node_modules/react-native/ReactCommon/yoga"

SPEC CHECKSUMS:
  boost: a7c83b31436843459a1961bfd74b96033dc77234
  DoubleConversion: 831926d9b8bf8166fd87886c4abab286c2422662
  FBLazyVector: 2c76493a346ef8cacf1f442926a39f805fffec1f
  FBReactNativeSpec: 371350f24afa87b6aba606972ec959dcd4a95c9a
  Firebase: 800f16f07af493d98d017446a315c27af0552f41
  FirebaseAuth: 741918f1fa62ed23246a509279f91d42d79a713f
  FirebaseCore: 25c0400b670fd1e2f2104349cd3b5dcce8d9418f
  FirebaseCoreDiagnostics: 99a495094b10a57eeb3ae8efa1665700ad0bdaa6
  FirebaseCoreExtension: 2904492b693a6871ddbd1088c9d1fe6e54384050
  FirebaseCoreInternal: bca76517fe1ed381e989f5e7d8abb0da8d85bed3
  FirebaseInstallations: 0a115432c4e223c5ab20b0dbbe4cbefa793a0e8e
  FirebaseMessaging: 732623518591384f61c287e3d8f65294beb7ffb3
  fmt: ff9d55029c625d3757ed641535fd4a75fedc7ce9
  glog: 476ee3e89abb49e07f822b48323c51c57124b572
  GoogleDataTransport: 1c8145da7117bd68bbbed00cf304edb6a24de00f
  GoogleUtilities: 1d20a6ad97ef46f67bbdec158ce00563a671ebb7
  GTMSessionFetcher: ffbb25ec00ebcb5201adab0a56d808f6f1902d9f
  nanopb: b552cce312b6c8484180ef47159bc0f65a1f0431
  PromisesObjC: ab77feca74fa2823e7af4249b8326368e61014cb
  RCT-Folly: 4d8508a426467c48885f1151029bc15fa5d7b3b8
  RCTRequired: 00581111c53531e39e3c6346ef0d2c0cf52a5a37
  RCTTypeSafety: 07e03ee7800e7dd65cba8e52ad0c2edb06c96604
  React: e61f4bf3c573d0c61c56b53dc3eb1d9daf0768a0
  React-callinvoker: 047d47230bb6fd66827f8cb0bea4e944ffd1309b
  React-Codegen: bb0403cde7374af091530e84e492589485aab480
  React-Core: a4a3a8e10d004b08e013c3d0438259dd89a3894c
  React-CoreModules: bb9f8bc36f1ae6d780b856927fa9d4aa01ccccc0
  React-cxxreact: 7dd472aefb8629d6080cbb859240bafccd902704
  React-jsi: b25808afe821b607d51c779bdd1717be8393b7ec
  React-jsiexecutor: 4a4bae5671b064a2248a690cf75957669489d08c
  React-jsinspector: 218a2503198ff28a085f8e16622a8d8f507c8019
  React-logger: f79dd3cc0f9b44f5611c6c7862badd891a862cf8
  react-native-blur: 3e9c8e8e9f7d17fa1b94e1a0ae9fd816675f5382
  react-native-safe-area-context: f98b0b16d1546d208fc293b4661e3f81a895afd9
  react-native-splash-screen: 4312f786b13a81b5169ef346d76d33bc0c6dc457
  React-perflogger: 30ab8d6db10e175626069e742eead3ebe8f24fd5
  React-RCTActionSheet: 4b45da334a175b24dabe75f856b98fed3dfd6201
  React-RCTAnimation: d6237386cb04500889877845b3e9e9291146bc2e
  React-RCTBlob: bc9e2cd738c43bd2948e862e371402ef9584730a
  React-RCTImage: 9f8cac465c6e5837007f59ade2a0a741016dd6a3
  React-RCTLinking: 5073abb7d30cc0824b2172bd4582fc15bfc40510
  React-RCTNetwork: 28ff94aa7d8fc117fc800b87dd80869a00d2bef3
  React-RCTSettings: f27aa036f7270fe6ca43f8cdd1819e821fa429a0
  React-RCTText: 7cb6f86fa7bc86f22f16333ad243b158e63b2a68
  React-RCTVibration: 9e344c840176b0af9c84d5019eb4fed8b3c105a1
  React-runtimeexecutor: 7285b499d0339104b2813a1f58ad1ada4adbd6c0
  ReactCommon: bf2888a826ceedf54b99ad1b6182d1bc4a8a3984
  RNCAsyncStorage: 466b9df1a14bccda91da86e0b7d9a345d78e1673
  RNFBApp: a6fca2cd8f392b5efc1f2ab7bd4b3b64a6039abf
  RNFBAuth: e121a1a5b6e6df0348f62da9bf96e5b58fdffa01
  RNFBMessaging: eca46a70527dd469e684250b22d5c927bc4a5ed9
  RNGestureHandler: 7673697e7c0e9391adefae4faa087442bc04af33
  RNInAppBrowser: e36d6935517101ccba0e875bac8ad7b0cb655364
  RNReactNativeHapticFeedback: 1e3efeca9628ff9876ee7cdd9edec1b336913f8c
  RNScreens: 40a2cb40a02a609938137a1e0acfbf8fc9eebf19
  RNSentry: 6386245031a4dc3091523b941de8241c03e7f214
  RNSVG: 302bfc9905bd8122f08966dc2ce2d07b7b52b9f8
  Sentry: dd29c18c32b0af9269949f079cf631d581ca76ca
  Yoga: 17cd9a50243093b547c1e539c749928dd68152da

PODFILE CHECKSUM: 499dd6934eead030393545db3839d297a8730c57

COCOAPODS: 1.11.3
